Microsoft Visual Studio Solution File, Format Version 12.00
# Visual Studio Version 17
VisualStudioVersion = 17.5.2.0
MinimumVisualStudioVersion = 10.0.40219.1
Project("{FAE04EC0-301F-11D3-BF4B-00C04F79EFBC}") = "TourismApp", "TourismApp.csproj", "{23050AD2-CB9A-9C8D-0FFD-971E05EECB85}"
EndProject
Global
	GlobalSection(SolutionConfigurationPlatforms) = preSolution
		Debug|Any CPU = Debug|Any CPU
		Release|Any CPU = Release|Any CPU
	EndGlobalSection
	GlobalSection(ProjectConfigurationPlatforms) = postSolution
		{23050AD2-CB9A-9C8D-0FFD-971E05EECB85}.Debug|Any CPU.ActiveCfg = Debug|Any CPU
		{23050AD2-CB9A-9C8D-0FFD-971E05EECB85}.Debug|Any CPU.Build.0 = Debug|Any CPU
		{23050AD2-CB9A-9C8D-0FFD-971E05EECB85}.Release|Any CPU.ActiveCfg = Release|Any CPU
		{23050AD2-CB9A-9C8D-0FFD-971E05EECB85}.Release|Any CPU.Build.0 = Release|Any CPU
	EndGlobalSection
	GlobalSection(SolutionProperties) = preSolution
		HideSolutionNode = FALSE
	EndGlobalSection
	GlobalSection(ExtensibilityGlobals) = postSolution
		SolutionGuid = {9AC2BF34-F6C0-4F53-BE14-5DE7CB173467}
	EndGlobalSection
EndGlobal
